# This file is automatically @generated by Cargo.
# It is not intended for manual editing.
version = 4

[[package]]
name = "pi"
version = "0.1.0"
source = "registry+https://github.com/rust-lang/crates.io-index"
checksum = "c91ab6fdbd2dd97398e973864a4853626fc6a1e113c711d79ca435e732d42084"

[[package]]
name = "shape_area_calculator"
version = "0.1.0"
dependencies = [
 "pi",
]
